// !$*UTF8*$!
{
	archiveVersion = 1;
	classes = {
	};
	objectVersion = 46;
	objects = {

/* Begin PBXBuildFile section */
		7B1802021AC3446000BFC526 /* SinceDateCounterGraphicView.m in Sources */ = {isa = PBXBuildFile; fileRef = 7B1802011AC3446000BFC526 /* SinceDateCounterGraphicView.m */; };
		7B1802051AC34A5900BFC526 /* CountingLabel.m in Sources */ = {isa = PBXBuildFile; fileRef = 7B1802041AC34A5900BFC526 /* CountingLabel.m */; };
		7B1802081AC3757B00BFC526 /* SinceDatePicker.m in Sources */ = {isa = PBXBuildFile; fileRef = 7B1802071AC3757B00BFC526 /* SinceDatePicker.m */; };
		7B18020B1AC39C6900BFC526 /* SinceDatePickerCell.m in Sources */ = {isa = PBXBuildFile; fileRef = 7B18020A1AC39C6900BFC526 /* SinceDatePickerCell.m */; };
		7B18020E1AC4F30500BFC526 /* ColorSchemes.m in Sources */ = {isa = PBXBuildFile; fileRef = 7B18020D1AC4F30500BFC526 /* ColorSchemes.m */; };
		7B528CEF1ACA6598000931F0 /* UIView+AnchorPosition.m in Sources */ = {isa = PBXBuildFile; fileRef = 7B528CEE1ACA6598000931F0 /* UIView+AnchorPosition.m */; };
		7B6F00631AC713C1003B6E90 /* SinceColorSchemePickerCell.m in Sources */ = {isa = PBXBuildFile; fileRef = 7B6F00621AC713C1003B6E90 /* SinceColorSchemePickerCell.m */; };
		7BCA2B351ACB855900AE6659 /* UIColor+Hex.m in Sources */ = {isa = PBXBuildFile; fileRef = 7BCA2B341ACB855900AE6659 /* UIColor+Hex.m */; };
		7BD4496D1AC1AB8E008A450E /* main.m in Sources */ = {isa = PBXBuildFile; fileRef = 7BD4496C1AC1AB8E008A450E /* main.m */; };
		7BD449701AC1AB8E008A450E /* AppDelegate.m in Sources */ = {isa = PBXBuildFile; fileRef = 7BD4496F1AC1AB8E008A450E /* AppDelegate.m */; };
		7BD449731AC1AB8E008A450E /* SinceViewController.m in Sources */ = {isa = PBXBuildFile; fileRef = 7BD449721AC1AB8E008A450E /* SinceViewController.m */; };
		7BD449781AC1AB8E008A450E /* Images.xcassets in Resources */ = {isa = PBXBuildFile; fileRef = 7BD449771AC1AB8E008A450E /* Images.xcassets */; };
		7BD4497B1AC1AB8E008A450E /* LaunchScreen.xib in Resources */ = {isa = PBXBuildFile; fileRef = 7BD449791AC1AB8E008A450E /* LaunchScreen.xib */; };
		7BD449871AC1AB8E008A450E /* SinceTests.m in Sources */ = {isa = PBXBuildFile; fileRef = 7BD449861AC1AB8E008A450E /* SinceTests.m */; };
/* End PBXBuildFile section */

/* Begin PBXContainerItemProxy section */
		7BD449811AC1AB8E008A450E /* PBXContainerItemProxy */ = {
			isa = PBXContainerItemProxy;
			containerPortal = 7BD4495F1AC1AB8E008A450E /* Project object */;
			proxyType = 1;
			remoteGlobalIDString = 7BD449661AC1AB8E008A450E;
			remoteInfo = Since;
		};
/* End PBXContainerItemProxy section */

/* Begin PBXCopyFilesBuildPhase section */
		7BCA2B321ACB39DF00AE6659 /* Embed App Extensions */ = {
			isa = PBXCopyFilesBuildPhase;
			buildActionMask = 2147483647;
			dstPath = "";
			dstSubfolderSpec = 13;
			files = (
			);
			name = "Embed App Extensions";
			runOnlyForDeploymentPostprocessing = 0;
		};
/* End PBXCopyFilesBuildPhase section */

/* Begin PBXFileReference section */
		7B1802001AC3446000BFC526 /* SinceDateCounterGraphicView.h */ = {isa = PBXFileReference; fileEncoding = 4; lastKnownFileType = sourcecode.c.h; path = SinceDateCounterGraphicView.h; sourceTree = "<group>"; };
		7B1802011AC3446000BFC526 /* SinceDateCounterGraphicView.m */ = {isa = PBXFileReference; fileEncoding = 4; lastKnownFileType = sourcecode.c.objc; path = SinceDateCounterGraphicView.m; sourceTree = "<group>"; };
		7B1802031AC34A5900BFC526 /* CountingLabel.h */ = {isa = PBXFileReference; fileEncoding = 4; lastKnownFileType = sourcecode.c.h; path = CountingLabel.h; sourceTree = "<group>"; };
		7B1802041AC34A5900BFC526 /* CountingLabel.m */ = {isa = PBXFileReference; fileEncoding = 4; lastKnownFileType = sourcecode.c.objc; path = CountingLabel.m; sourceTree = "<group>"; };
		7B1802061AC3757B00BFC526 /* SinceDatePicker.h */ = {isa = PBXFileReference; fileEncoding = 4; lastKnownFileType = sourcecode.c.h; path = SinceDatePicker.h; sourceTree = "<group>"; };
		7B1802071AC3757B00BFC526 /* SinceDatePicker.m */ = {isa = PBXFileReference; fileEncoding = 4; lastKnownFileType = sourcecode.c.objc; path = SinceDatePicker.m; sourceTree = "<group>"; };
		7B1802091AC39C6900BFC526 /* SinceDatePickerCell.h */ = {isa = PBXFileReference; fileEncoding = 4; lastKnownFileType = sourcecode.c.h; path = SinceDatePickerCell.h; sourceTree = "<group>"; };
		7B18020A1AC39C6900BFC526 /* SinceDatePickerCell.m */ = {isa = PBXFileReference; fileEncoding = 4; lastKnownFileType = sourcecode.c.objc; path = SinceDatePickerCell.m; sourceTree = "<group>"; };
		7B18020C1AC4F30500BFC526 /* ColorSchemes.h */ = {isa = PBXFileReference; fileEncoding = 4; lastKnownFileType = sourcecode.c.h; path = ColorSchemes.h; sourceTree = "<group>"; };
		7B18020D1AC4F30500BFC526 /* ColorSchemes.m */ = {isa = PBXFileReference; fileEncoding = 4; lastKnownFileType = sourcecode.c.objc; path = ColorSchemes.m; sourceTree = "<group>"; };
		7B528CED1ACA6598000931F0 /* UIView+AnchorPosition.h */ = {isa = PBXFileReference; fileEncoding = 4; lastKnownFileType = sourcecode.c.h; path = "UIView+AnchorPosition.h"; sourceTree = "<group>"; };
		7B528CEE1ACA6598000931F0 /* UIView+AnchorPosition.m */ = {isa = PBXFileReference; fileEncoding = 4; lastKnownFileType = sourcecode.c.objc; path = "UIView+AnchorPosition.m"; sourceTree = "<group>"; };
		7B6F00611AC713C1003B6E90 /* SinceColorSchemePickerCell.h */ = {isa = PBXFileReference; fileEncoding = 4; lastKnownFileType = sourcecode.c.h; path = SinceColorSchemePickerCell.h; sourceTree = "<group>"; };
		7B6F00621AC713C1003B6E90 /* SinceColorSchemePickerCell.m */ = {isa = PBXFileReference; fileEncoding = 4; lastKnownFileType = sourcecode.c.objc; path = SinceColorSchemePickerCell.m; sourceTree = "<group>"; };
		7BCA2B331ACB855900AE6659 /* UIColor+Hex.h */ = {isa = PBXFileReference; fileEncoding = 4; lastKnownFileType = sourcecode.c.h; path = "UIColor+Hex.h"; sourceTree = "<group>"; };
		7BCA2B341ACB855900AE6659 /* UIColor+Hex.m */ = {isa = PBXFileReference; fileEncoding = 4; lastKnownFileType = sourcecode.c.objc; path = "UIColor+Hex.m"; sourceTree = "<group>"; };
		7BD449671AC1AB8E008A450E /* Since.app */ = {isa = PBXFileReference; explicitFileType = wrapper.application; includeInIndex = 0; path = Since.app; sourceTree = BUILT_PRODUCTS_DIR; };
		7BD4496B1AC1AB8E008A450E /* Info.plist */ = {isa = PBXFileReference; lastKnownFileType = text.plist.xml; path = Info.plist; sourceTree = "<group>"; };
		7BD4496C1AC1AB8E008A450E /* main.m */ = {isa = PBXFileReference; lastKnownFileType = sourcecode.c.objc; path = main.m; sourceTree = "<group>"; };
		7BD4496E1AC1AB8E008A450E /* AppDelegate.h */ = {isa = PBXFileReference; lastKnownFileType = sourcecode.c.h; path = AppDelegate.h; sourceTree = "<group>"; };
		7BD4496F1AC1AB8E008A450E /* AppDelegate.m */ = {isa = PBXFileReference; lastKnownFileType = sourcecode.c.objc; path = AppDelegate.m; sourceTree = "<group>"; };
		7BD449711AC1AB8E008A450E /* SinceViewController.h */ = {isa = PBXFileReference; lastKnownFileType = sourcecode.c.h; path = SinceViewController.h; sourceTree = "<group>"; };
		7BD449721AC1AB8E008A450E /* SinceViewController.m */ = {isa = PBXFileReference; lastKnownFileType = sourcecode.c.objc; path = SinceViewController.m; sourceTree = "<group>"; };
		7BD449771AC1AB8E008A450E /* Images.xcassets */ = {isa = PBXFileReference; lastKnownFileType = folder.assetcatalog; path = Images.xcassets; sourceTree = "<group>"; };
		7BD4497A1AC1AB8E008A450E /* Base */ = {isa = PBXFileReference; lastKnownFileType = file.xib; name = Base; path = Base.lproj/LaunchScreen.xib; sourceTree = "<group>"; };
		7BD449801AC1AB8E008A450E /* SinceTests.xctest */ = {isa = PBXFileReference; explicitFileType = wrapper.cfbundle; includeInIndex = 0; path = SinceTests.xctest; sourceTree = BUILT_PRODUCTS_DIR; };
		7BD449851AC1AB8E008A450E /* Info.plist */ = {isa = PBXFileReference; lastKnownFileType = text.plist.xml; path = Info.plist; sourceTree = "<group>"; };
		7BD449861AC1AB8E008A450E /* SinceTests.m */ = {isa = PBXFileReference; lastKnownFileType = sourcecode.c.objc; path = SinceTests.m; sourceTree = "<group>"; };
/* End PBXFileReference section */

/* Begin PBXFrameworksBuildPhase section */
		7BD449641AC1AB8E008A450E /* Frameworks */ = {
			isa = PBXFrameworksBuildPhase;
			buildActionMask = 2147483647;
			files = (
			);
			runOnlyForDeploymentPostprocessing = 0;
		};
		7BD4497D1AC1AB8E008A450E /* Frameworks */ = {
			isa = PBXFrameworksBuildPhase;
			buildActionMask = 2147483647;
			files = (
			);
			runOnlyForDeploymentPostprocessing = 0;
		};
/* End PBXFrameworksBuildPhase section */

/* Begin PBXGroup section */
		7BD4495E1AC1AB8E008A450E = {
			isa = PBXGroup;
			children = (
				7BD449691AC1AB8E008A450E /* Since */,
				7BD449831AC1AB8E008A450E /* SinceTests */,
				7BD449681AC1AB8E008A450E /* Products */,
			);
			sourceTree = "<group>";
		};
		7BD449681AC1AB8E008A450E /* Products */ = {
			isa = PBXGroup;
			children = (
				7BD449671AC1AB8E008A450E /* Since.app */,
				7BD449801AC1AB8E008A450E /* SinceTests.xctest */,
			);
			name = Products;
			sourceTree = "<group>";
		};
		7BD449691AC1AB8E008A450E /* Since */ = {
			isa = PBXGroup;
			children = (
				7BD4496E1AC1AB8E008A450E /* AppDelegate.h */,
				7BD4496F1AC1AB8E008A450E /* AppDelegate.m */,
				7B18020C1AC4F30500BFC526 /* ColorSchemes.h */,
				7B18020D1AC4F30500BFC526 /* ColorSchemes.m */,
				7BD449711AC1AB8E008A450E /* SinceViewController.h */,
				7BD449721AC1AB8E008A450E /* SinceViewController.m */,
				7B6F00611AC713C1003B6E90 /* SinceColorSchemePickerCell.h */,
				7B6F00621AC713C1003B6E90 /* SinceColorSchemePickerCell.m */,
				7B1802061AC3757B00BFC526 /* SinceDatePicker.h */,
				7B1802071AC3757B00BFC526 /* SinceDatePicker.m */,
				7B1802091AC39C6900BFC526 /* SinceDatePickerCell.h */,
				7B18020A1AC39C6900BFC526 /* SinceDatePickerCell.m */,
				7B1802001AC3446000BFC526 /* SinceDateCounterGraphicView.h */,
				7B1802011AC3446000BFC526 /* SinceDateCounterGraphicView.m */,
				7B1802031AC34A5900BFC526 /* CountingLabel.h */,
				7B1802041AC34A5900BFC526 /* CountingLabel.m */,
				7B528CED1ACA6598000931F0 /* UIView+AnchorPosition.h */,
				7B528CEE1ACA6598000931F0 /* UIView+AnchorPosition.m */,
				7BCA2B331ACB855900AE6659 /* UIColor+Hex.h */,
				7BCA2B341ACB855900AE6659 /* UIColor+Hex.m */,
				7BD449771AC1AB8E008A450E /* Images.xcassets */,
				7BD449791AC1AB8E008A450E /* LaunchScreen.xib */,
				7BD4496A1AC1AB8E008A450E /* Supporting Files */,
			);
			path = Since;
			sourceTree = "<group>";
		};
		7BD4496A1AC1AB8E008A450E /* Supporting Files */ = {
			isa = PBXGroup;
			children = (
				7BD4496B1AC1AB8E008A450E /* Info.plist */,
				7BD4496C1AC1AB8E008A450E /* main.m */,
			);
			name = "Supporting Files";
			sourceTree = "<group>";
		};
		7BD449831AC1AB8E008A450E /* SinceTests */ = {
			isa = PBXGroup;
			children = (
				7BD449861AC1AB8E008A450E /* SinceTests.m */,
				7BD449841AC1AB8E008A450E /* Supporting Files */,
			);
			path = SinceTests;
			sourceTree = "<group>";
		};
		7BD449841AC1AB8E008A450E /* Supporting Files */ = {
			isa = PBXGroup;
			children = (
				7BD449851AC1AB8E008A450E /* Info.plist */,
			);
			name = "Supporting Files";
			sourceTree = "<group>";
		};
/* End PBXGroup section */

/* Begin PBXNativeTarget section */
		7BD449661AC1AB8E008A450E /* Since */ = {
			isa = PBXNativeTarget;
			buildConfigurationList = 7BD4498A1AC1AB8E008A450E /* Build configuration list for PBXNativeTarget "Since" */;
			buildPhases = (
				7BD449631AC1AB8E008A450E /* Sources */,
				7BD449641AC1AB8E008A450E /* Frameworks */,
				7BD449651AC1AB8E008A450E /* Resources */,
				7BCA2B321ACB39DF00AE6659 /* Embed App Extensions */,
			);
			buildRules = (
			);
			dependencies = (
			);
			name = Since;
			productName = Since;
			productReference = 7BD449671AC1AB8E008A450E /* Since.app */;
			productType = "com.apple.product-type.application";
		};
		7BD4497F1AC1AB8E008A450E /* SinceTests */ = {
			isa = PBXNativeTarget;
			buildConfigurationList = 7BD4498D1AC1AB8E008A450E /* Build configuration list for PBXNativeTarget "SinceTests" */;
			buildPhases = (
				7BD4497C1AC1AB8E008A450E /* Sources */,
				7BD4497D1AC1AB8E008A450E /* Frameworks */,
				7BD4497E1AC1AB8E008A450E /* Resources */,
			);
			buildRules = (
			);
			dependencies = (
				7BD449821AC1AB8E008A450E /* PBXTargetDependency */,
			);
			name = SinceTests;
			productName = SinceTests;
			productReference = 7BD449801AC1AB8E008A450E /* SinceTests.xctest */;
			productType = "com.apple.product-type.bundle.unit-test";
		};
/* End PBXNativeTarget section */

/* Begin PBXProject section */
		7BD4495F1AC1AB8E008A450E /* Project object */ = {
			isa = PBXProject;
			attributes = {
				LastUpgradeCheck = 0620;
				ORGANIZATIONNAME = "Shane Carey";
				TargetAttributes = {
					7BD449661AC1AB8E008A450E = {
						CreatedOnToolsVersion = 6.2;
						DevelopmentTeam = 874R8ZJ7E9;
					};
					7BD4497F1AC1AB8E008A450E = {
						CreatedOnToolsVersion = 6.2;
						TestTargetID = 7BD449661AC1AB8E008A450E;
					};
				};
			};
			buildConfigurationList = 7BD449621AC1AB8E008A450E /* Build configuration list for PBXProject "Since" */;
			compatibilityVersion = "Xcode 3.2";
			developmentRegion = English;
			hasScannedForEncodings = 0;
			knownRegions = (
				en,
				Base,
			);
			mainGroup = 7BD4495E1AC1AB8E008A450E;
			productRefGroup = 7BD449681AC1AB8E008A450E /* Products */;
			projectDirPath = "";
			projectRoot = "";
			targets = (
				7BD449661AC1AB8E008A450E /* Since */,
				7BD4497F1AC1AB8E008A450E /* SinceTests */,
			);
		};
/* End PBXProject section */

/* Begin PBXResourcesBuildPhase section */
		7BD449651AC1AB8E008A450E /* Resources */ = {
			isa = PBXResourcesBuildPhase;
			buildActionMask = 2147483647;
			files = (
				7BD4497B1AC1AB8E008A450E /* LaunchScreen.xib in Resources */,
				7BD449781AC1AB8E008A450E /* Images.xcassets in Resources */,
			);
			runOnlyForDeploymentPostprocessing = 0;
		};
		7BD4497E1AC1AB8E008A450E /* Resources */ = {
			isa = PBXResourcesBuildPhase;
			buildActionMask = 2147483647;
			files = (
			);
			runOnlyForDeploymentPostprocessing = 0;
		};
/* End PBXResourcesBuildPhase section */

/* Begin PBXSourcesBuildPhase section */
		7BD449631AC1AB8E008A450E /* Sources */ = {
			isa = PBXSourcesBuildPhase;
			buildActionMask = 2147483647;
			files = (
				7B18020E1AC4F30500BFC526 /* ColorSchemes.m in Sources */,
				7B18020B1AC39C6900BFC526 /* SinceDatePickerCell.m in Sources */,
				7B1802021AC3446000BFC526 /* SinceDateCounterGraphicView.m in Sources */,
				7BD449731AC1AB8E008A450E /* SinceViewController.m in Sources */,
				7B6F00631AC713C1003B6E90 /* SinceColorSchemePickerCell.m in Sources */,
				7B1802081AC3757B00BFC526 /* SinceDatePicker.m in Sources */,
				7B528CEF1ACA6598000931F0 /* UIView+AnchorPosition.m in Sources */,
				7BD449701AC1AB8E008A450E /* AppDelegate.m in Sources */,
				7BCA2B351ACB855900AE6659 /* UIColor+Hex.m in Sources */,
				7B1802051AC34A5900BFC526 /* CountingLabel.m in Sources */,
				7BD4496D1AC1AB8E008A450E /* main.m in Sources */,
			);
			runOnlyForDeploymentPostprocessing = 0;
		};
		7BD4497C1AC1AB8E008A450E /* Sources */ = {
			isa = PBXSourcesBuildPhase;
			buildActionMask = 2147483647;
			files = (
				7BD449871AC1AB8E008A450E /* SinceTests.m in Sources */,
			);
			runOnlyForDeploymentPostprocessing = 0;
		};
/* End PBXSourcesBuildPhase section */

/* Begin PBXTargetDependency section */
		7BD449821AC1AB8E008A450E /* PBXTargetDependency */ = {
			isa = PBXTargetDependency;
			target = 7BD449661AC1AB8E008A450E /* Since */;
			targetProxy = 7BD449811AC1AB8E008A450E /* PBXContainerItemProxy */;
		};
/* End PBXTargetDependency section */

/* Begin PBXVariantGroup section */
		7BD449791AC1AB8E008A450E /* LaunchScreen.xib */ = {
			isa = PBXVariantGroup;
			children = (
				7BD4497A1AC1AB8E008A450E /* Base */,
			);
			name = LaunchScreen.xib;
			sourceTree = "<group>";
		};
/* End PBXVariantGroup section */

/* Begin XCBuildConfiguration section */
		7BD449881AC1AB8E008A450E /* Debug */ = {
			isa = XCBuildConfiguration;
			buildSettings = {
				ALWAYS_SEARCH_USER_PATHS = NO;
				CLANG_CXX_LANGUAGE_STANDARD = "gnu++0x";
				CLANG_CXX_LIBRARY = "libc++";
				CLANG_ENABLE_MODULES = YES;
				CLANG_ENABLE_OBJC_ARC = YES;
				CLANG_WARN_BOOL_CONVERSION = YES;
				CLANG_WARN_CONSTANT_CONVERSION = YES;
				CLANG_WARN_DIRECT_OBJC_ISA_USAGE = YES_ERROR;
				CLANG_WARN_EMPTY_BODY = YES;
				CLANG_WARN_ENUM_CONVERSION = YES;
				CLANG_WARN_INT_CONVERSION = YES;
				CLANG_WARN_OBJC_ROOT_CLASS = YES_ERROR;
				CLANG_WARN_UNREACHABLE_CODE = YES;
				CLANG_WARN__DUPLICATE_METHOD_MATCH = YES;
				"CODE_SIGN_IDENTITY[sdk=iphoneos*]" = "iPhone Developer";
				COPY_PHASE_STRIP = NO;
				ENABLE_STRICT_OBJC_MSGSEND = YES;
				GCC_C_LANGUAGE_STANDARD = gnu99;
				GCC_DYNAMIC_NO_PIC = NO;
				GCC_OPTIMIZATION_LEVEL = 0;
				GCC_PREPROCESSOR_DEFINITIONS = (
					"DEBUG=1",
					"$(inherited)",
				);
				GCC_SYMBOLS_PRIVATE_EXTERN = NO;
				GCC_WARN_64_TO_32_BIT_CONVERSION = YES;
				GCC_WARN_ABOUT_RETURN_TYPE = YES_ERROR;
				GCC_WARN_UNDECLARED_SELECTOR = YES;
				GCC_WARN_UNINITIALIZED_AUTOS = YES_AGGRESSIVE;
				GCC_WARN_UNUSED_FUNCTION = YES;
				GCC_WARN_UNUSED_VARIABLE = YES;
				IPHONEOS_DEPLOYMENT_TARGET = 8.2;
				MTL_ENABLE_DEBUG_INFO = YES;
				ONLY_ACTIVE_ARCH = YES;
				SDKROOT = iphoneos;
				TARGETED_DEVICE_FAMILY = "1,2";
			};
			name = Debug;
		};
		7BD449891AC1AB8E008A450E /* Release */ = {
			isa = XCBuildConfiguration;
			buildSettings = {
				ALWAYS_SEARCH_USER_PATHS = NO;
				CLANG_CXX_LANGUAGE_STANDARD = "gnu++0x";
				CLANG_CXX_LIBRARY = "libc++";
				CLANG_ENABLE_MODULES = YES;
				CLANG_ENABLE_OBJC_ARC = YES;
				CLANG_WARN_BOOL_CONVERSION = YES;
				CLANG_WARN_CONSTANT_CONVERSION = YES;
				CLANG_WARN_DIRECT_OBJC_ISA_USAGE = YES_ERROR;
				CLANG_WARN_EMPTY_BODY = YES;
				CLANG_WARN_ENUM_CONVERSION = YES;
				CLANG_WARN_INT_CONVERSION = YES;
				CLANG_WARN_OBJC_ROOT_CLASS = YES_ERROR;
				CLANG_WARN_UNREACHABLE_CODE = YES;
				CLANG_WARN__DUPLICATE_METHOD_MATCH = YES;
				"CODE_SIGN_IDENTITY[sdk=iphoneos*]" = "iPhone Developer";
				COPY_PHASE_STRIP = NO;
				ENABLE_NS_ASSERTIONS = NO;
				ENABLE_STRICT_OBJC_MSGSEND = YES;
				GCC_C_LANGUAGE_STANDARD = gnu99;
				GCC_WARN_64_TO_32_BIT_CONVERSION = YES;
				GCC_WARN_ABOUT_RETURN_TYPE = YES_ERROR;
				GCC_WARN_UNDECLARED_SELECTOR = YES;
				GCC_WARN_UNINITIALIZED_AUTOS = YES_AGGRESSIVE;
				GCC_WARN_UNUSED_FUNCTION = YES;
				GCC_WARN_UNUSED_VARIABLE = YES;
				IPHONEOS_DEPLOYMENT_TARGET = 8.2;
				MTL_ENABLE_DEBUG_INFO = NO;
				SDKROOT = iphoneos;
				TARGETED_DEVICE_FAMILY = "1,2";
				VALIDATE_PRODUCT = YES;
			};
			name = Release;
		};
		7BD4498B1AC1AB8E008A450E /* Debug */ = {
			isa = XCBuildConfiguration;
			buildSettings = {
				ASSETCATALOG_COMPILER_APPICON_NAME = AppIcon;
				CODE_SIGN_IDENTITY = "";
				"CODE_SIGN_IDENTITY[sdk=iphoneos*]" = "iPhone Developer";
				INFOPLIST_FILE = Since/Info.plist;
				IPHONEOS_DEPLOYMENT_TARGET = 8.0;
				LD_RUNPATH_SEARCH_PATHS = "$(inherited) @executable_path/Frameworks";
				PRODUCT_NAME = "$(TARGET_NAME)";
				PROVISIONING_PROFILE = "";
			};
			name = Debug;
		};
		7BD4498C1AC1AB8E008A450E /* Release */ = {
			isa = XCBuildConfiguration;
			buildSettings = {
				ASSETCATALOG_COMPILER_APPICON_NAME = AppIcon;
				CODE_SIGN_IDENTITY = "";
				"CODE_SIGN_IDENTITY[sdk=iphoneos*]" = "iPhone Developer";
				INFOPLIST_FILE = Since/Info.plist;
				IPHONEOS_DEPLOYMENT_TARGET = 8.0;
				LD_RUNPATH_SEARCH_PATHS = "$(inherited) @executable_path/Frameworks";
				PRODUCT_NAME = "$(TARGET_NAME)";
				PROVISIONING_PROFILE = "";
			};
			name = Release;
		};
		7BD4498E1AC1AB8E008A450E /* Debug */ = {
			isa = XCBuildConfiguration;
			buildSettings = {
				BUNDLE_LOADER = "$(TEST_HOST)";
				FRAMEWORK_SEARCH_PATHS = (
					"$(SDKROOT)/Developer/Library/Frameworks",
					"$(inherited)",
				);
				GCC_PREPROCESSOR_DEFINITIONS = (
					"DEBUG=1",
					"$(inherited)",
				);
				INFOPLIST_FILE = SinceTests/Info.plist;
				LD_RUNPATH_SEARCH_PATHS = "$(inherited) @executable_path/Frameworks @loader_path/Frameworks";
				PRODUCT_NAME = "$(TARGET_NAME)";
				TEST_HOST = "$(BUILT_PRODUCTS_DIR)/Since.app/Since";
			};
			name = Debug;
		};
		7BD4498F1AC1AB8E008A450E /* Release */ = {
			isa = XCBuildConfiguration;
			buildSettings = {
				BUNDLE_LOADER = "$(TEST_HOST)";
				FRAMEWORK_SEARCH_PATHS = (
					"$(SDKROOT)/Developer/Library/Frameworks",
					"$(inherited)",
				);
				INFOPLIST_FILE = SinceTests/Info.plist;
				LD_RUNPATH_SEARCH_PATHS = "$(inherited) @executable_path/Frameworks @loader_path/Frameworks";
				PRODUCT_NAME = "$(TARGET_NAME)";
				TEST_HOST = "$(BUILT_PRODUCTS_DIR)/Since.app/Since";
			};
			name = Release;
		};
/* End XCBuildConfiguration section */

/* Begin XCConfigurationList section */
		7BD449621AC1AB8E008A450E /* Build configuration list for PBXProject "Since" */ = {
			isa = XCConfigurationList;
			buildConfigurations = (
				7BD449881AC1AB8E008A450E /* Debug */,
				7BD449891AC1AB8E008A450E /* Release */,
			);
			defaultConfigurationIsVisible = 0;
			defaultConfigurationName = Release;
		};
		7BD4498A1AC1AB8E008A450E /* Build configuration list for PBXNativeTarget "Since" */ = {
			isa = XCConfigurationList;
			buildConfigurations = (
				7BD4498B1AC1AB8E008A450E /* Debug */,
				7BD4498C1AC1AB8E008A450E /* Release */,
			);
			defaultConfigurationIsVisible = 0;
			defaultConfigurationName = Release;
		};
		7BD4498D1AC1AB8E008A450E /* Build configuration list for PBXNativeTarget "SinceTests" */ = {
			isa = XCConfigurationList;
			buildConfigurations = (
				7BD4498E1AC1AB8E008A450E /* Debug */,
				7BD4498F1AC1AB8E008A450E /* Release */,
			);
			defaultConfigurationIsVisible = 0;
			defaultConfigurationName = Release;
		};
/* End XCConfigurationList section */
	};
	rootObject = 7BD4495F1AC1AB8E008A450E /* Project object */;
}
